
Microsoft Visual Studio Solution File, Format Version 12.00
# Visual Studio Version 16
VisualStudioVersion = 16.0.31613.86
MinimumVisualStudioVersion = 10.0.40219.1
Project("{9A19103F-16F7-4668-BE54-9A1E7A4F7556}") = "WindowsBibleReadingPlan", "WindowsBibleReadingPlan\WindowsBibleReadingPlan.csproj", "{9D2D4595-6C51-4257-930A-35CD32011746}"
EndProject
Project("{54435603-DBB4-11D2-8724-00A0C9A8B90C}") = "BibleReadingPlan", "BibleReadingPlan\BibleReadingPlan.vdproj", "{BE79D4D7-EC24-4F9A-A3F3-48F9F6E295B6}"
EndProject
Global
	GlobalSection(SolutionConfigurationPlatforms) = preSolution
		All|Any CPU = All|Any CPU
		Debug|Any CPU = Debug|Any CPU
		Release|Any CPU = Release|Any CPU
	EndGlobalSection
	GlobalSection(ProjectConfigurationPlatforms) = postSolution
		{9D2D4595-6C51-4257-930A-35CD32011746}.All|Any CPU.ActiveCfg = Release|Any CPU
		{9D2D4595-6C51-4257-930A-35CD32011746}.All|Any CPU.Build.0 = Release|Any CPU
		{9D2D4595-6C51-4257-930A-35CD32011746}.Debug|Any CPU.ActiveCfg = Debug|Any CPU
		{9D2D4595-6C51-4257-930A-35CD32011746}.Debug|Any CPU.Build.0 = Debug|Any CPU
		{9D2D4595-6C51-4257-930A-35CD32011746}.Release|Any CPU.ActiveCfg = Release|Any CPU
		{9D2D4595-6C51-4257-930A-35CD32011746}.Release|Any CPU.Build.0 = Release|Any CPU
		{BE79D4D7-EC24-4F9A-A3F3-48F9F6E295B6}.All|Any CPU.ActiveCfg = Debug
		{BE79D4D7-EC24-4F9A-A3F3-48F9F6E295B6}.Debug|Any CPU.ActiveCfg = Release
		{BE79D4D7-EC24-4F9A-A3F3-48F9F6E295B6}.Debug|Any CPU.Build.0 = Release
		{BE79D4D7-EC24-4F9A-A3F3-48F9F6E295B6}.Release|Any CPU.ActiveCfg = Release
	EndGlobalSection
	GlobalSection(SolutionProperties) = preSolution
		HideSolutionNode = FALSE
	EndGlobalSection
	GlobalSection(ExtensibilityGlobals) = postSolution
		SolutionGuid = {28D0C8BB-0E36-47AB-BB73-E54946F1309B}
	EndGlobalSection
EndGlobal
